
Microsoft Visual Studio Solution File, Format Version 12.00
# Visual Studio Version 17
VisualStudioVersion = 17.0.31903.59
MinimumVisualStudioVersion = 10.0.40219.1
Project("{FAE04EC0-301F-11D3-BF4B-00C04F79EFBC}") = "EasySave", "src\EasySave\EasySave.csproj", "{783511C6-04D5-4B1E-B38A-D9DE38E8B070}"
EndProject
Project("{FAE04EC0-301F-11D3-BF4B-00C04F79EFBC}") = "EasyLog", "src\EasyLog\EasyLog.csproj", "{AB3D31C8-B01D-4F28-B6BA-300F749AC0D6}"
EndProject
Project("{2150E333-8FDC-42A3-9474-1A3956D46DE8}") = "tests", "tests", "{0AB3BF05-4346-4AA6-1389-037BE0695223}"
EndProject
Project("{FAE04EC0-301F-11D3-BF4B-00C04F79EFBC}") = "EasySave.Tests", "tests\EasySave.Tests\EasySave.Tests.csproj", "{A87B02F6-F8F9-455B-8E57-E1284CF5D6F2}"
EndProject
Project("{2150E333-8FDC-42A3-9474-1A3956D46DE8}") = "src", "src", "{827E0CD3-B72D-47B6-A68D-7590B98EB39B}"
EndProject
Project("{FAE04EC0-301F-11D3-BF4B-00C04F79EFBC}") = "EasySave.Tests.V2", "tests\EasySave.Tests.V2\EasySave.Tests.V2.csproj", "{933118A6-084B-4CDE-A7D8-0731F26A0008}"
EndProject
Global
	GlobalSection(SolutionConfigurationPlatforms) = preSolution
		Debug|Any CPU = Debug|Any CPU
		Debug|x64 = Debug|x64
		Debug|x86 = Debug|x86
		Release|Any CPU = Release|Any CPU
		Release|x64 = Release|x64
		Release|x86 = Release|x86
	EndGlobalSection
	GlobalSection(ProjectConfigurationPlatforms) = postSolution
		{783511C6-04D5-4B1E-B38A-D9DE38E8B070}.Debug|Any CPU.ActiveCfg = Debug|Any CPU
		{783511C6-04D5-4B1E-B38A-D9DE38E8B070}.Debug|Any CPU.Build.0 = Debug|Any CPU
		{783511C6-04D5-4B1E-B38A-D9DE38E8B070}.Debug|x64.ActiveCfg = Debug|Any CPU
		{783511C6-04D5-4B1E-B38A-D9DE38E8B070}.Debug|x64.Build.0 = Debug|Any CPU
		{783511C6-04D5-4B1E-B38A-D9DE38E8B070}.Debug|x86.ActiveCfg = Debug|Any CPU
		{783511C6-04D5-4B1E-B38A-D9DE38E8B070}.Debug|x86.Build.0 = Debug|Any CPU
		{783511C6-04D5-4B1E-B38A-D9DE38E8B070}.Release|Any CPU.ActiveCfg = Release|Any CPU
		{783511C6-04D5-4B1E-B38A-D9DE38E8B070}.Release|Any CPU.Build.0 = Release|Any CPU
		{783511C6-04D5-4B1E-B38A-D9DE38E8B070}.Release|x64.ActiveCfg = Release|Any CPU
		{783511C6-04D5-4B1E-B38A-D9DE38E8B070}.Release|x64.Build.0 = Release|Any CPU
		{783511C6-04D5-4B1E-B38A-D9DE38E8B070}.Release|x86.ActiveCfg = Release|Any CPU
		{783511C6-04D5-4B1E-B38A-D9DE38E8B070}.Release|x86.Build.0 = Release|Any CPU
		{AB3D31C8-B01D-4F28-B6BA-300F749AC0D6}.Debug|Any CPU.ActiveCfg = Debug|Any CPU
		{AB3D31C8-B01D-4F28-B6BA-300F749AC0D6}.Debug|Any CPU.Build.0 = Debug|Any CPU
		{AB3D31C8-B01D-4F28-B6BA-300F749AC0D6}.Debug|x64.ActiveCfg = Debug|Any CPU
		{AB3D31C8-B01D-4F28-B6BA-300F749AC0D6}.Debug|x64.Build.0 = Debug|Any CPU
		{AB3D31C8-B01D-4F28-B6BA-300F749AC0D6}.Debug|x86.ActiveCfg = Debug|Any CPU
		{AB3D31C8-B01D-4F28-B6BA-300F749AC0D6}.Debug|x86.Build.0 = Debug|Any CPU
		{AB3D31C8-B01D-4F28-B6BA-300F749AC0D6}.Release|Any CPU.ActiveCfg = Release|Any CPU
		{AB3D31C8-B01D-4F28-B6BA-300F749AC0D6}.Release|Any CPU.Build.0 = Release|Any CPU
		{AB3D31C8-B01D-4F28-B6BA-300F749AC0D6}.Release|x64.ActiveCfg = Release|Any CPU
		{AB3D31C8-B01D-4F28-B6BA-300F749AC0D6}.Release|x64.Build.0 = Release|Any CPU
		{AB3D31C8-B01D-4F28-B6BA-300F749AC0D6}.Release|x86.ActiveCfg = Release|Any CPU
		{AB3D31C8-B01D-4F28-B6BA-300F749AC0D6}.Release|x86.Build.0 = Release|Any CPU
		{A87B02F6-F8F9-455B-8E57-E1284CF5D6F2}.Debug|Any CPU.ActiveCfg = Debug|Any CPU
		{A87B02F6-F8F9-455B-8E57-E1284CF5D6F2}.Debug|Any CPU.Build.0 = Debug|Any CPU
		{A87B02F6-F8F9-455B-8E57-E1284CF5D6F2}.Debug|x64.ActiveCfg = Debug|Any CPU
		{A87B02F6-F8F9-455B-8E57-E1284CF5D6F2}.Debug|x64.Build.0 = Debug|Any CPU
		{A87B02F6-F8F9-455B-8E57-E1284CF5D6F2}.Debug|x86.ActiveCfg = Debug|Any CPU
		{A87B02F6-F8F9-455B-8E57-E1284CF5D6F2}.Debug|x86.Build.0 = Debug|Any CPU
		{A87B02F6-F8F9-455B-8E57-E1284CF5D6F2}.Release|Any CPU.ActiveCfg = Release|Any CPU
		{A87B02F6-F8F9-455B-8E57-E1284CF5D6F2}.Release|Any CPU.Build.0 = Release|Any CPU
		{A87B02F6-F8F9-455B-8E57-E1284CF5D6F2}.Release|x64.ActiveCfg = Release|Any CPU
		{A87B02F6-F8F9-455B-8E57-E1284CF5D6F2}.Release|x64.Build.0 = Release|Any CPU
		{A87B02F6-F8F9-455B-8E57-E1284CF5D6F2}.Release|x86.ActiveCfg = Release|Any CPU
		{A87B02F6-F8F9-455B-8E57-E1284CF5D6F2}.Release|x86.Build.0 = Release|Any CPU
		{933118A6-084B-4CDE-A7D8-0731F26A0008}.Debug|Any CPU.ActiveCfg = Debug|Any CPU
		{933118A6-084B-4CDE-A7D8-0731F26A0008}.Debug|Any CPU.Build.0 = Debug|Any CPU
		{933118A6-084B-4CDE-A7D8-0731F26A0008}.Debug|x64.ActiveCfg = Debug|Any CPU
		{933118A6-084B-4CDE-A7D8-0731F26A0008}.Debug|x64.Build.0 = Debug|Any CPU
		{933118A6-084B-4CDE-A7D8-0731F26A0008}.Debug|x86.ActiveCfg = Debug|Any CPU
		{933118A6-084B-4CDE-A7D8-0731F26A0008}.Debug|x86.Build.0 = Debug|Any CPU
		{933118A6-084B-4CDE-A7D8-0731F26A0008}.Release|Any CPU.ActiveCfg = Release|Any CPU
		{933118A6-084B-4CDE-A7D8-0731F26A0008}.Release|Any CPU.Build.0 = Release|Any CPU
		{933118A6-084B-4CDE-A7D8-0731F26A0008}.Release|x64.ActiveCfg = Release|Any CPU
		{933118A6-084B-4CDE-A7D8-0731F26A0008}.Release|x64.Build.0 = Release|Any CPU
		{933118A6-084B-4CDE-A7D8-0731F26A0008}.Release|x86.ActiveCfg = Release|Any CPU
		{933118A6-084B-4CDE-A7D8-0731F26A0008}.Release|x86.Build.0 = Release|Any CPU
	EndGlobalSection
	GlobalSection(SolutionProperties) = preSolution
		HideSolutionNode = FALSE
	EndGlobalSection
	GlobalSection(NestedProjects) = preSolution
		{A87B02F6-F8F9-455B-8E57-E1284CF5D6F2} = {0AB3BF05-4346-4AA6-1389-037BE0695223}
		{933118A6-084B-4CDE-A7D8-0731F26A0008} = {0AB3BF05-4346-4AA6-1389-037BE0695223}
	EndGlobalSection
EndGlobal
